// !$*UTF8*$!
{
	archiveVersion = 1;
	classes = {
	};
	objectVersion = 60;
	objects = {

/* Begin PBXBuildFile section */
		A10000000000000000000011 /* ZenIslandApp.swift in Sources */ = {isa = PBXBuildFile; fileRef = A10000000000000000000001 /* ZenIslandApp.swift */; };
		A10000000000000000000012 /* AppDelegate.swift in Sources */ = {isa = PBXBuildFile; fileRef = A10000000000000000000002 /* AppDelegate.swift */; };
		A10000000000000000000013 /* CLIJob.swift in Sources */ = {isa = PBXBuildFile; fileRef = A10000000000000000000003 /* CLIJob.swift */; };
		A10000000000000000000014 /* ProgressStore.swift in Sources */ = {isa = PBXBuildFile; fileRef = A10000000000000000000004 /* ProgressStore.swift */; };
		A10000000000000000000015 /* IslandRootView.swift in Sources */ = {isa = PBXBuildFile; fileRef = A10000000000000000000005 /* IslandRootView.swift */; };
		A10000000000000000000016 /* claudecode.png in Resources */ = {isa = PBXBuildFile; fileRef = A10000000000000000000008 /* claudecode.png */; };
		A10000000000000000000018 /* claudecode-bar.png in Resources */ = {isa = PBXBuildFile; fileRef = A1000000000000000000000A /* claudecode-bar.png */; };
		A10000000000000000000019 /* zenmux.png in Resources */ = {isa = PBXBuildFile; fileRef = A1000000000000000000000B /* zenmux.png */; };
		A1000000000000000000001A /* IslandRuntimeModels.swift in Sources */ = {isa = PBXBuildFile; fileRef = A1000000000000000000000C /* IslandRuntimeModels.swift */; };
		A1000000000000000000001B /* SessionStore.swift in Sources */ = {isa = PBXBuildFile; fileRef = A1000000000000000000000D /* SessionStore.swift */; };
		A1000000000000000000001C /* ApprovalStore.swift in Sources */ = {isa = PBXBuildFile; fileRef = A1000000000000000000000E /* ApprovalStore.swift */; };
		A1000000000000000000001D /* FocusRouter.swift in Sources */ = {isa = PBXBuildFile; fileRef = A1000000000000000000000F /* FocusRouter.swift */; };
		A1000000000000000000001E /* ProgressSources.swift in Sources */ = {isa = PBXBuildFile; fileRef = A10000000000000000000010 /* ProgressSources.swift */; };
		A1000000000000000000001F /* LocalCodexSource.swift in Sources */ = {isa = PBXBuildFile; fileRef = A10000000000000000000017 /* LocalCodexSource.swift */; };
		A10000000000000000000023 /* FocusLauncher.swift in Sources */ = {isa = PBXBuildFile; fileRef = A10000000000000000000024 /* FocusLauncher.swift */; };
			A10000000000000000000025 /* AccessibilityPermissionMonitor.swift in Sources */ = {isa = PBXBuildFile; fileRef = A10000000000000000000026 /* AccessibilityPermissionMonitor.swift */; };
			A10000000000000000000027 /* claudecode-v10.png in Resources */ = {isa = PBXBuildFile; fileRef = A10000000000000000000028 /* claudecode-v10.png */; };
			A10000000000000000000029 /* codex-color.png in Resources */ = {isa = PBXBuildFile; fileRef = A1000000000000000000002A /* codex-color.png */; };
			A1000000000000000000002B /* codex.png in Resources */ = {isa = PBXBuildFile; fileRef = A1000000000000000000002C /* codex.png */; };
			A1000000000000000000002D /* openai.png in Resources */ = {isa = PBXBuildFile; fileRef = A1000000000000000000002E /* openai.png */; };
			A10000000000000000000041 /* zen-island.png in Resources */ = {isa = PBXBuildFile; fileRef = A10000000000000000000042 /* zen-island.png */; };
			A10000000000000000000043 /* Assets.xcassets in Resources */ = {isa = PBXBuildFile; fileRef = A10000000000000000000044 /* Assets.xcassets */; };
		A10000000000000000000045 /* NotificationSoundPlayer.swift in Sources */ = {isa = PBXBuildFile; fileRef = A10000000000000000000046 /* NotificationSoundPlayer.swift */; };
		A10000000000000000000047 /* notification-ping.mp3 in Resources */ = {isa = PBXBuildFile; fileRef = A10000000000000000000048 /* notification-ping.mp3 */; };
		A10000000000000000000131 /* success.mp3 in Resources */ = {isa = PBXBuildFile; fileRef = A10000000000000000000132 /* success.mp3 */; };
		A10000000000000000000080 /* AppEnvironment.swift in Sources */ = {isa = PBXBuildFile; fileRef = A10000000000000000000081 /* AppEnvironment.swift */; };
		A10000000000000000000082 /* AppBootstrapper.swift in Sources */ = {isa = PBXBuildFile; fileRef = A10000000000000000000083 /* AppBootstrapper.swift */; };
		A10000000000000000000084 /* Logger.swift in Sources */ = {isa = PBXBuildFile; fileRef = A10000000000000000000085 /* Logger.swift */; };
		A10000000000000000000086 /* FilePaths.swift in Sources */ = {isa = PBXBuildFile; fileRef = A10000000000000000000087 /* FilePaths.swift */; };
		A40000000000000000000001 /* LogRetentionCleaner.swift in Sources */ = {isa = PBXBuildFile; fileRef = A40000000000000000000002 /* LogRetentionCleaner.swift */; };
		A10000000000000000000088 /* ActivitySource.swift in Sources */ = {isa = PBXBuildFile; fileRef = A10000000000000000000089 /* ActivitySource.swift */; };
		A1000000000000000000008A /* ApprovalSource.swift in Sources */ = {isa = PBXBuildFile; fileRef = A1000000000000000000008B /* ApprovalSource.swift */; };
		A1000000000000000000008C /* UsageSource.swift in Sources */ = {isa = PBXBuildFile; fileRef = A1000000000000000000008D /* UsageSource.swift */; };
		A1000000000000000000008E /* HookInstaller.swift in Sources */ = {isa = PBXBuildFile; fileRef = A1000000000000000000008F /* HookInstaller.swift */; };
		A10000000000000000000090 /* FocusRouting.swift in Sources */ = {isa = PBXBuildFile; fileRef = A10000000000000000000091 /* FocusRouting.swift */; };
		A10000000000000000000092 /* IslandWindowCoordinator.swift in Sources */ = {isa = PBXBuildFile; fileRef = A10000000000000000000093 /* IslandWindowCoordinator.swift */; };
		A10000000000000000000094 /* WindowSizingCoordinator.swift in Sources */ = {isa = PBXBuildFile; fileRef = A10000000000000000000095 /* WindowSizingCoordinator.swift */; };
		A10000000000000000000096 /* ScreenPlacementCoordinator.swift in Sources */ = {isa = PBXBuildFile; fileRef = A10000000000000000000097 /* ScreenPlacementCoordinator.swift */; };
		A10000000000000000000098 /* StatusItemCoordinator.swift in Sources */ = {isa = PBXBuildFile; fileRef = A10000000000000000000099 /* StatusItemCoordinator.swift */; };
		A1000000000000000000009A /* PollingCoordinator.swift in Sources */ = {isa = PBXBuildFile; fileRef = A1000000000000000000009B /* PollingCoordinator.swift */; };
		A1000000000000000000009C /* AccessibilityCoordinator.swift in Sources */ = {isa = PBXBuildFile; fileRef = A1000000000000000000009D /* AccessibilityCoordinator.swift */; };
		A1000000000000000000009E /* ProgressStoreAdapter.swift in Sources */ = {isa = PBXBuildFile; fileRef = A1000000000000000000009F /* ProgressStoreAdapter.swift */; };
		A100000000000000000000A0 /* SessionStoreAdapter.swift in Sources */ = {isa = PBXBuildFile; fileRef = A100000000000000000000A1 /* SessionStoreAdapter.swift */; };
		A100000000000000000000B0 /* AppStore.swift in Sources */ = {isa = PBXBuildFile; fileRef = A100000000000000000000B1 /* AppStore.swift */; };
		A100000000000000000000B2 /* RuntimeStore.swift in Sources */ = {isa = PBXBuildFile; fileRef = A100000000000000000000B3 /* RuntimeStore.swift */; };
		A100000000000000000000B4 /* PresentationStore.swift in Sources */ = {isa = PBXBuildFile; fileRef = A100000000000000000000B5 /* PresentationStore.swift */; };
			A100000000000000000000B6 /* StoreEffects.swift in Sources */ = {isa = PBXBuildFile; fileRef = A100000000000000000000B7 /* StoreEffects.swift */; };
			A100000000000000000000C0 /* IslandEvent.swift in Sources */ = {isa = PBXBuildFile; fileRef = A100000000000000000000C1 /* IslandEvent.swift */; };
			A100000000000000000000C2 /* SessionEvent.swift in Sources */ = {isa = PBXBuildFile; fileRef = A100000000000000000000C3 /* SessionEvent.swift */; };
			A100000000000000000000C4 /* ApprovalEvent.swift in Sources */ = {isa = PBXBuildFile; fileRef = A100000000000000000000C5 /* ApprovalEvent.swift */; };
			A100000000000000000000C6 /* DiagnosticsEvent.swift in Sources */ = {isa = PBXBuildFile; fileRef = A100000000000000000000C7 /* DiagnosticsEvent.swift */; };
			A100000000000000000000C8 /* SessionReducer.swift in Sources */ = {isa = PBXBuildFile; fileRef = A100000000000000000000C9 /* SessionReducer.swift */; };
			A100000000000000000000CA /* ApprovalReducer.swift in Sources */ = {isa = PBXBuildFile; fileRef = A100000000000000000000CB /* ApprovalReducer.swift */; };
			A100000000000000000000CC /* RuntimeReducer.swift in Sources */ = {isa = PBXBuildFile; fileRef = A100000000000000000000CD /* RuntimeReducer.swift */; };
			A100000000000000000000CE /* ActivitySnapshotMerger.swift in Sources */ = {isa = PBXBuildFile; fileRef = A100000000000000000000CF /* ActivitySnapshotMerger.swift */; };
			A100000000000000000000D0 /* ApprovalRequestMerger.swift in Sources */ = {isa = PBXBuildFile; fileRef = A100000000000000000000D1 /* ApprovalRequestMerger.swift */; };
			A100000000000000000000D2 /* ActivitySnapshotEventAdapter.swift in Sources */ = {isa = PBXBuildFile; fileRef = A100000000000000000000D3 /* ActivitySnapshotEventAdapter.swift */; };
			A100000000000000000000E0 /* ApprovalState.swift in Sources */ = {isa = PBXBuildFile; fileRef = A100000000000000000000E1 /* ApprovalState.swift */; };
			A100000000000000000000E2 /* ApprovalDiagnostic.swift in Sources */ = {isa = PBXBuildFile; fileRef = A100000000000000000000E3 /* ApprovalDiagnostic.swift */; };
			A100000000000000000000E4 /* ApprovalExecutor.swift in Sources */ = {isa = PBXBuildFile; fileRef = A100000000000000000000E5 /* ApprovalExecutor.swift */; };
			A100000000000000000000E6 /* AccessibilityApprovalExecutor.swift in Sources */ = {isa = PBXBuildFile; fileRef = A100000000000000000000E7 /* AccessibilityApprovalExecutor.swift */; };
			A100000000000000000000E8 /* HTTPHookApprovalExecutor.swift in Sources */ = {isa = PBXBuildFile; fileRef = A100000000000000000000E9 /* HTTPHookApprovalExecutor.swift */; };
			A100000000000000000000EA /* ApprovalPanelView.swift in Sources */ = {isa = PBXBuildFile; fileRef = A100000000000000000000EB /* ApprovalPanelView.swift */; };
			A100000000000000000000EC /* ApprovalInlineView.swift in Sources */ = {isa = PBXBuildFile; fileRef = A100000000000000000000ED /* ApprovalInlineView.swift */; };
			A100000000000000000000F2 /* ClaudeUsageSnapshot.swift in Sources */ = {isa = PBXBuildFile; fileRef = A100000000000000000000F3 /* ClaudeUsageSnapshot.swift */; };
			A100000000000000000000F4 /* CodexUsageSnapshot.swift in Sources */ = {isa = PBXBuildFile; fileRef = A100000000000000000000F5 /* CodexUsageSnapshot.swift */; };
			A100000000000000000000F6 /* UsageProviderState.swift in Sources */ = {isa = PBXBuildFile; fileRef = A100000000000000000000F7 /* UsageProviderState.swift */; };
			A100000000000000000000F8 /* ClaudeUsageLoader.swift in Sources */ = {isa = PBXBuildFile; fileRef = A100000000000000000000F9 /* ClaudeUsageLoader.swift */; };
			A100000000000000000000FA /* CodexUsageLoader.swift in Sources */ = {isa = PBXBuildFile; fileRef = A100000000000000000000FB /* CodexUsageLoader.swift */; };
			A100000000000000000000FC /* UsageSummaryFormatter.swift in Sources */ = {isa = PBXBuildFile; fileRef = A100000000000000000000FD /* UsageSummaryFormatter.swift */; };
			A10000000000000000000100 /* ClaudeUsageSource.swift in Sources */ = {isa = PBXBuildFile; fileRef = A10000000000000000000101 /* ClaudeUsageSource.swift */; };
			A10000000000000000000102 /* CodexRolloutUsageSource.swift in Sources */ = {isa = PBXBuildFile; fileRef = A10000000000000000000103 /* CodexRolloutUsageSource.swift */; };
			A10000000000000000000104 /* UsageSummaryView.swift in Sources */ = {isa = PBXBuildFile; fileRef = A10000000000000000000105 /* UsageSummaryView.swift */; };
			A10000000000000000000106 /* ClaudeUsageCardView.swift in Sources */ = {isa = PBXBuildFile; fileRef = A10000000000000000000107 /* ClaudeUsageCardView.swift */; };
			A10000000000000000000108 /* CodexUsageCardView.swift in Sources */ = {isa = PBXBuildFile; fileRef = A10000000000000000000109 /* CodexUsageCardView.swift */; };
			A10000000000000000000110 /* DiagnosticIssue.swift in Sources */ = {isa = PBXBuildFile; fileRef = A10000000000000000000111 /* DiagnosticIssue.swift */; };
			A10000000000000000000112 /* SourceHealthReport.swift in Sources */ = {isa = PBXBuildFile; fileRef = A10000000000000000000113 /* SourceHealthReport.swift */; };
			A10000000000000000000114 /* SourceErrorMapper.swift in Sources */ = {isa = PBXBuildFile; fileRef = A10000000000000000000115 /* SourceErrorMapper.swift */; };
			A10000000000000000000116 /* DiagnosticsFormatter.swift in Sources */ = {isa = PBXBuildFile; fileRef = A10000000000000000000117 /* DiagnosticsFormatter.swift */; };
			A10000000000000000000118 /* ClaudeHTTPCallbackServer.swift in Sources */ = {isa = PBXBuildFile; fileRef = A10000000000000000000119 /* ClaudeHTTPCallbackServer.swift */; };
			A1000000000000000000011A /* ClaudeHookInstaller.swift in Sources */ = {isa = PBXBuildFile; fileRef = A1000000000000000000011B /* ClaudeHookInstaller.swift */; };
			A1000000000000000000011C /* ClaudeHookHealthChecker.swift in Sources */ = {isa = PBXBuildFile; fileRef = A1000000000000000000011D /* ClaudeHookHealthChecker.swift */; };
			A1000000000000000000011E /* ClaudeHookBootstrap.swift in Sources */ = {isa = PBXBuildFile; fileRef = A1000000000000000000011F /* ClaudeHookBootstrap.swift */; };
			A10000000000000000000120 /* CodexSQLiteReader.swift in Sources */ = {isa = PBXBuildFile; fileRef = A10000000000000000000121 /* CodexSQLiteReader.swift */; };
			A10000000000000000000122 /* CodexSessionReader.swift in Sources */ = {isa = PBXBuildFile; fileRef = A10000000000000000000123 /* CodexSessionReader.swift */; };
			A10000000000000000000124 /* CodexLogReader.swift in Sources */ = {isa = PBXBuildFile; fileRef = A10000000000000000000125 /* CodexLogReader.swift */; };
			A10000000000000000000126 /* CodexHookSource.swift in Sources */ = {isa = PBXBuildFile; fileRef = A10000000000000000000127 /* CodexHookSource.swift */; };
		A10000000000000000000128 /* DiagnosticsCardView.swift in Sources */ = {isa = PBXBuildFile; fileRef = A10000000000000000000129 /* DiagnosticsCardView.swift */; };
		A1000000000000000000012E /* GitHubReleaseUpdateChecker.swift in Sources */ = {isa = PBXBuildFile; fileRef = A1000000000000000000012D /* GitHubReleaseUpdateChecker.swift */; };
		A10000000000000000000130 /* GitHubReleaseAssetDownloader.swift in Sources */ = {isa = PBXBuildFile; fileRef = A1000000000000000000012F /* GitHubReleaseAssetDownloader.swift */; };
		A10000000000000000000133 /* QuestionOption.swift in Sources */ = {isa = PBXBuildFile; fileRef = A1000000000000000000013E /* QuestionOption.swift */; };
		A10000000000000000000134 /* QuestionPresentationMode.swift in Sources */ = {isa = PBXBuildFile; fileRef = A1000000000000000000013F /* QuestionPresentationMode.swift */; };
		A10000000000000000000135 /* ClaudeQuestionResponse.swift in Sources */ = {isa = PBXBuildFile; fileRef = A10000000000000000000140 /* ClaudeQuestionResponse.swift */; };
		A10000000000000000000136 /* ClaudeQuestionPrompt.swift in Sources */ = {isa = PBXBuildFile; fileRef = A10000000000000000000141 /* ClaudeQuestionPrompt.swift */; };
		A10000000000000000000137 /* QuestionStore.swift in Sources */ = {isa = PBXBuildFile; fileRef = A10000000000000000000142 /* QuestionStore.swift */; };
		A10000000000000000000138 /* ClaudeQuestionSource.swift in Sources */ = {isa = PBXBuildFile; fileRef = A10000000000000000000143 /* ClaudeQuestionSource.swift */; };
		A10000000000000000000139 /* ClaudeQuestionBridge.swift in Sources */ = {isa = PBXBuildFile; fileRef = A10000000000000000000144 /* ClaudeQuestionBridge.swift */; };
		A1000000000000000000013A /* QuestionPromptCardView.swift in Sources */ = {isa = PBXBuildFile; fileRef = A10000000000000000000145 /* QuestionPromptCardView.swift */; };
		A1000000000000000000013B /* QuestionOptionButtonsView.swift in Sources */ = {isa = PBXBuildFile; fileRef = A10000000000000000000146 /* QuestionOptionButtonsView.swift */; };
		A1000000000000000000013C /* QuestionTextInputView.swift in Sources */ = {isa = PBXBuildFile; fileRef = A10000000000000000000147 /* QuestionTextInputView.swift */; };
		A1000000000000000000013D /* QuestionPanelView.swift in Sources */ = {isa = PBXBuildFile; fileRef = A10000000000000000000148 /* QuestionPanelView.swift */; };
		A1000000000000000000014A /* QuestionInlineView.swift in Sources */ = {isa = PBXBuildFile; fileRef = A10000000000000000000149 /* QuestionInlineView.swift */; };
		A1000000000000000000014C /* DotMatrixWaveStatusGlyph.swift in Sources */ = {isa = PBXBuildFile; fileRef = A1000000000000000000014B /* DotMatrixWaveStatusGlyph.swift */; };
		A1000000000000000000014E /* DotMatrixSpinnerStatusGlyph.swift in Sources */ = {isa = PBXBuildFile; fileRef = A1000000000000000000014D /* DotMatrixSpinnerStatusGlyph.swift */; };
		A10000000000000000000152 /* DotMatrixSineWaveStatusGlyph.swift in Sources */ = {isa = PBXBuildFile; fileRef = A10000000000000000000151 /* DotMatrixSineWaveStatusGlyph.swift */; };
		A10000000000000000000154 /* DotMatrixSuccessStatusGlyph.swift in Sources */ = {isa = PBXBuildFile; fileRef = A10000000000000000000153 /* DotMatrixSuccessStatusGlyph.swift */; };
		A10000000000000000000156 /* DotMatrixFailureStatusGlyph.swift in Sources */ = {isa = PBXBuildFile; fileRef = A10000000000000000000155 /* DotMatrixFailureStatusGlyph.swift */; };
		A10000000000000000000160 /* OpenCodeHookBridge.swift in Sources */ = {isa = PBXBuildFile; fileRef = A10000000000000000000161 /* OpenCodeHookBridge.swift */; };
		A10000000000000000000162 /* OpenCodeHookInstaller.swift in Sources */ = {isa = PBXBuildFile; fileRef = A10000000000000000000163 /* OpenCodeHookInstaller.swift */; };
		A10000000000000000000164 /* OpenCodeSQLiteReader.swift in Sources */ = {isa = PBXBuildFile; fileRef = A10000000000000000000165 /* OpenCodeSQLiteReader.swift */; };
		A10000000000000000000166 /* OpenCodeApprovalExecutor.swift in Sources */ = {isa = PBXBuildFile; fileRef = A10000000000000000000167 /* OpenCodeApprovalExecutor.swift */; };
		A10000000000000000000170 /* OpenCodeUsageSnapshot.swift in Sources */ = {isa = PBXBuildFile; fileRef = A10000000000000000000171 /* OpenCodeUsageSnapshot.swift */; };
		A10000000000000000000172 /* OpenCodeUsageLoader.swift in Sources */ = {isa = PBXBuildFile; fileRef = A10000000000000000000173 /* OpenCodeUsageLoader.swift */; };
		A10000000000000000000174 /* OpenCodeUsageSource.swift in Sources */ = {isa = PBXBuildFile; fileRef = A10000000000000000000175 /* OpenCodeUsageSource.swift */; };
		A10000000000000000000176 /* OpenCodeUsageCardView.swift in Sources */ = {isa = PBXBuildFile; fileRef = A10000000000000000000177 /* OpenCodeUsageCardView.swift */; };
		A20000000000000000000002 /* SettingsPanelView.swift in Sources */ = {isa = PBXBuildFile; fileRef = A20000000000000000000001 /* SettingsPanelView.swift */; };
		A20000000000000000000004 /* IslandWindowViews.swift in Sources */ = {isa = PBXBuildFile; fileRef = A20000000000000000000003 /* IslandWindowViews.swift */; };
		A20000000000000000000006 /* SettingsWindowCoordinator.swift in Sources */ = {isa = PBXBuildFile; fileRef = A20000000000000000000005 /* SettingsWindowCoordinator.swift */; };
		A20000000000000000000008 /* ClaudeProviderConfigStore.swift in Sources */ = {isa = PBXBuildFile; fileRef = A20000000000000000000007 /* ClaudeProviderConfigStore.swift */; };
		A2000000000000000000000A /* ProviderConfigWatcher.swift in Sources */ = {isa = PBXBuildFile; fileRef = A20000000000000000000009 /* ProviderConfigWatcher.swift */; };
		A40000000000000000000003 /* LoginItemController.swift in Sources */ = {isa = PBXBuildFile; fileRef = A40000000000000000000004 /* LoginItemController.swift */; };
		A30000000000000000000001 /* ArchitectureLogicTests.swift in Sources */ = {isa = PBXBuildFile; fileRef = A30000000000000000000011 /* ArchitectureLogicTests.swift */; };
		A30000000000000000000002 /* ClaudeProviderConfigStoreTests.swift in Sources */ = {isa = PBXBuildFile; fileRef = A30000000000000000000012 /* ClaudeProviderConfigStoreTests.swift */; };
/* End PBXBuildFile section */

/* Begin PBXContainerItemProxy section */
		A30000000000000000000061 /* PBXContainerItemProxy */ = {
			isa = PBXContainerItemProxy;
			containerPortal = A10000000000000000000060 /* Project object */;
			proxyType = 1;
			remoteGlobalIDString = A10000000000000000000040;
			remoteInfo = ZenIsland;
		};
/* End PBXContainerItemProxy section */

/* Begin PBXFileReference section */
		A10000000000000000000001 /* ZenIslandApp.swift */ = {isa = PBXFileReference; lastKnownFileType = sourcecode.swift; path = ZenIslandApp.swift; sourceTree = "<group>"; };
		A10000000000000000000002 /* AppDelegate.swift */ = {isa = PBXFileReference; lastKnownFileType = sourcecode.swift; path = AppDelegate.swift; sourceTree = "<group>"; };
		A10000000000000000000003 /* CLIJob.swift */ = {isa = PBXFileReference; lastKnownFileType = sourcecode.swift; path = CLIJob.swift; sourceTree = "<group>"; };
		A10000000000000000000004 /* ProgressStore.swift */ = {isa = PBXFileReference; lastKnownFileType = sourcecode.swift; path = ProgressStore.swift; sourceTree = "<group>"; };
		A10000000000000000000005 /* IslandRootView.swift */ = {isa = PBXFileReference; lastKnownFileType = sourcecode.swift; path = IslandRootView.swift; sourceTree = "<group>"; };
		A1000000000000000000014B /* DotMatrixWaveStatusGlyph.swift */ = {isa = PBXFileReference; lastKnownFileType = sourcecode.swift; path = DotMatrixWaveStatusGlyph.swift; sourceTree = "<group>"; };
		A1000000000000000000014D /* DotMatrixSpinnerStatusGlyph.swift */ = {isa = PBXFileReference; lastKnownFileType = sourcecode.swift; path = DotMatrixSpinnerStatusGlyph.swift; sourceTree = "<group>"; };
		A10000000000000000000151 /* DotMatrixSineWaveStatusGlyph.swift */ = {isa = PBXFileReference; lastKnownFileType = sourcecode.swift; path = DotMatrixSineWaveStatusGlyph.swift; sourceTree = "<group>"; };
		A10000000000000000000153 /* DotMatrixSuccessStatusGlyph.swift */ = {isa = PBXFileReference; lastKnownFileType = sourcecode.swift; path = DotMatrixSuccessStatusGlyph.swift; sourceTree = "<group>"; };
		A10000000000000000000155 /* DotMatrixFailureStatusGlyph.swift */ = {isa = PBXFileReference; lastKnownFileType = sourcecode.swift; path = DotMatrixFailureStatusGlyph.swift; sourceTree = "<group>"; };
		A10000000000000000000161 /* OpenCodeHookBridge.swift */ = {isa = PBXFileReference; lastKnownFileType = sourcecode.swift; path = OpenCodeHookBridge.swift; sourceTree = "<group>"; };
		A10000000000000000000163 /* OpenCodeHookInstaller.swift */ = {isa = PBXFileReference; lastKnownFileType = sourcecode.swift; path = OpenCodeHookInstaller.swift; sourceTree = "<group>"; };
		A10000000000000000000165 /* OpenCodeSQLiteReader.swift */ = {isa = PBXFileReference; lastKnownFileType = sourcecode.swift; path = OpenCodeSQLiteReader.swift; sourceTree = "<group>"; };
		A10000000000000000000167 /* OpenCodeApprovalExecutor.swift */ = {isa = PBXFileReference; lastKnownFileType = sourcecode.swift; path = OpenCodeApprovalExecutor.swift; sourceTree = "<group>"; };
		A10000000000000000000171 /* OpenCodeUsageSnapshot.swift */ = {isa = PBXFileReference; lastKnownFileType = sourcecode.swift; path = OpenCodeUsageSnapshot.swift; sourceTree = "<group>"; };
		A10000000000000000000173 /* OpenCodeUsageLoader.swift */ = {isa = PBXFileReference; lastKnownFileType = sourcecode.swift; path = OpenCodeUsageLoader.swift; sourceTree = "<group>"; };
		A10000000000000000000175 /* OpenCodeUsageSource.swift */ = {isa = PBXFileReference; lastKnownFileType = sourcecode.swift; path = OpenCodeUsageSource.swift; sourceTree = "<group>"; };
		A10000000000000000000177 /* OpenCodeUsageCardView.swift */ = {isa = PBXFileReference; lastKnownFileType = sourcecode.swift; path = OpenCodeUsageCardView.swift; sourceTree = "<group>"; };
		A20000000000000000000001 /* SettingsPanelView.swift */ = {isa = PBXFileReference; lastKnownFileType = sourcecode.swift; path = SettingsPanelView.swift; sourceTree = "<group>"; };
		A20000000000000000000003 /* IslandWindowViews.swift */ = {isa = PBXFileReference; lastKnownFileType = sourcecode.swift; path = IslandWindowViews.swift; sourceTree = "<group>"; };
		A20000000000000000000005 /* SettingsWindowCoordinator.swift */ = {isa = PBXFileReference; lastKnownFileType = sourcecode.swift; path = SettingsWindowCoordinator.swift; sourceTree = "<group>"; };
		A20000000000000000000007 /* ClaudeProviderConfigStore.swift */ = {isa = PBXFileReference; lastKnownFileType = sourcecode.swift; path = ClaudeProviderConfigStore.swift; sourceTree = "<group>"; };
		A20000000000000000000009 /* ProviderConfigWatcher.swift */ = {isa = PBXFileReference; lastKnownFileType = sourcecode.swift; path = ProviderConfigWatcher.swift; sourceTree = "<group>"; };
		A40000000000000000000004 /* LoginItemController.swift */ = {isa = PBXFileReference; lastKnownFileType = sourcecode.swift; path = LoginItemController.swift; sourceTree = "<group>"; };
		A10000000000000000000006 /* Info.plist */ = {isa = PBXFileReference; lastKnownFileType = text.plist.xml; path = Info.plist; sourceTree = "<group>"; };
		A10000000000000000000007 /* ZenIsland.app */ = {isa = PBXFileReference; explicitFileType = wrapper.application; includeInIndex = 0; path = ZenIsland.app; sourceTree = BUILT_PRODUCTS_DIR; };
		A10000000000000000000008 /* claudecode.png */ = {isa = PBXFileReference; lastKnownFileType = image.png; path = claudecode.png; sourceTree = "<group>"; };
		A1000000000000000000000A /* claudecode-bar.png */ = {isa = PBXFileReference; lastKnownFileType = image.png; path = "claudecode-bar.png"; sourceTree = "<group>"; };
		A1000000000000000000000B /* zenmux.png */ = {isa = PBXFileReference; lastKnownFileType = image.png; path = zenmux.png; sourceTree = "<group>"; };
		A1000000000000000000000C /* IslandRuntimeModels.swift */ = {isa = PBXFileReference; lastKnownFileType = sourcecode.swift; path = IslandRuntimeModels.swift; sourceTree = "<group>"; };
		A1000000000000000000000D /* SessionStore.swift */ = {isa = PBXFileReference; lastKnownFileType = sourcecode.swift; path = SessionStore.swift; sourceTree = "<group>"; };
		A1000000000000000000000E /* ApprovalStore.swift */ = {isa = PBXFileReference; lastKnownFileType = sourcecode.swift; path = ApprovalStore.swift; sourceTree = "<group>"; };
		A1000000000000000000000F /* FocusRouter.swift */ = {isa = PBXFileReference; lastKnownFileType = sourcecode.swift; path = FocusRouter.swift; sourceTree = "<group>"; };
		A10000000000000000000010 /* ProgressSources.swift */ = {isa = PBXFileReference; lastKnownFileType = sourcecode.swift; path = ProgressSources.swift; sourceTree = "<group>"; };
		A10000000000000000000017 /* LocalCodexSource.swift */ = {isa = PBXFileReference; lastKnownFileType = sourcecode.swift; path = LocalCodexSource.swift; sourceTree = "<group>"; };
		A10000000000000000000024 /* FocusLauncher.swift */ = {isa = PBXFileReference; lastKnownFileType = sourcecode.swift; path = FocusLauncher.swift; sourceTree = "<group>"; };
			A10000000000000000000026 /* AccessibilityPermissionMonitor.swift */ = {isa = PBXFileReference; lastKnownFileType = sourcecode.swift; path = AccessibilityPermissionMonitor.swift; sourceTree = "<group>"; };
			A10000000000000000000028 /* claudecode-v10.png */ = {isa = PBXFileReference; lastKnownFileType = image.png; path = "claudecode-v10.png"; sourceTree = "<group>"; };
			A1000000000000000000002A /* codex-color.png */ = {isa = PBXFileReference; lastKnownFileType = image.png; path = "codex-color.png"; sourceTree = "<group>"; };
			A1000000000000000000002C /* codex.png */ = {isa = PBXFileReference; lastKnownFileType = image.png; path = codex.png; sourceTree = "<group>"; };
			A1000000000000000000002E /* openai.png */ = {isa = PBXFileReference; lastKnownFileType = image.png; path = openai.png; sourceTree = "<group>"; };
			A10000000000000000000042 /* zen-island.png */ = {isa = PBXFileReference; lastKnownFileType = image.png; path = zen-island.png; sourceTree = "<group>"; };
			A10000000000000000000044 /* Assets.xcassets */ = {isa = PBXFileReference; lastKnownFileType = folder.assetcatalog; path = Assets.xcassets; sourceTree = "<group>"; };
			A10000000000000000000046 /* NotificationSoundPlayer.swift */ = {isa = PBXFileReference; lastKnownFileType = sourcecode.swift; path = NotificationSoundPlayer.swift; sourceTree = "<group>"; };
			A10000000000000000000048 /* notification-ping.mp3 */ = {isa = PBXFileReference; lastKnownFileType = audio.mp3; path = "notification-ping.mp3"; sourceTree = "<group>"; };
			A10000000000000000000132 /* success.mp3 */ = {isa = PBXFileReference; lastKnownFileType = audio.mp3; path = success.mp3; sourceTree = "<group>"; };
		A10000000000000000000081 /* AppEnvironment.swift */ = {isa = PBXFileReference; lastKnownFileType = sourcecode.swift; path = AppEnvironment.swift; sourceTree = "<group>"; };
		A10000000000000000000083 /* AppBootstrapper.swift */ = {isa = PBXFileReference; lastKnownFileType = sourcecode.swift; path = AppBootstrapper.swift; sourceTree = "<group>"; };
		A10000000000000000000085 /* Logger.swift */ = {isa = PBXFileReference; lastKnownFileType = sourcecode.swift; path = Logger.swift; sourceTree = "<group>"; };
		A10000000000000000000087 /* FilePaths.swift */ = {isa = PBXFileReference; lastKnownFileType = sourcecode.swift; path = FilePaths.swift; sourceTree = "<group>"; };
		A40000000000000000000002 /* LogRetentionCleaner.swift */ = {isa = PBXFileReference; lastKnownFileType = sourcecode.swift; path = LogRetentionCleaner.swift; sourceTree = "<group>"; };
		A10000000000000000000089 /* ActivitySource.swift */ = {isa = PBXFileReference; lastKnownFileType = sourcecode.swift; path = ActivitySource.swift; sourceTree = "<group>"; };
		A1000000000000000000008B /* ApprovalSource.swift */ = {isa = PBXFileReference; lastKnownFileType = sourcecode.swift; path = ApprovalSource.swift; sourceTree = "<group>"; };
		A1000000000000000000008D /* UsageSource.swift */ = {isa = PBXFileReference; lastKnownFileType = sourcecode.swift; path = UsageSource.swift; sourceTree = "<group>"; };
		A1000000000000000000008F /* HookInstaller.swift */ = {isa = PBXFileReference; lastKnownFileType = sourcecode.swift; path = HookInstaller.swift; sourceTree = "<group>"; };
		A10000000000000000000091 /* FocusRouting.swift */ = {isa = PBXFileReference; lastKnownFileType = sourcecode.swift; path = FocusRouting.swift; sourceTree = "<group>"; };
		A10000000000000000000093 /* IslandWindowCoordinator.swift */ = {isa = PBXFileReference; lastKnownFileType = sourcecode.swift; path = IslandWindowCoordinator.swift; sourceTree = "<group>"; };
		A10000000000000000000095 /* WindowSizingCoordinator.swift */ = {isa = PBXFileReference; lastKnownFileType = sourcecode.swift; path = WindowSizingCoordinator.swift; sourceTree = "<group>"; };
		A10000000000000000000097 /* ScreenPlacementCoordinator.swift */ = {isa = PBXFileReference; lastKnownFileType = sourcecode.swift; path = ScreenPlacementCoordinator.swift; sourceTree = "<group>"; };
		A10000000000000000000099 /* StatusItemCoordinator.swift */ = {isa = PBXFileReference; lastKnownFileType = sourcecode.swift; path = StatusItemCoordinator.swift; sourceTree = "<group>"; };
		A1000000000000000000009B /* PollingCoordinator.swift */ = {isa = PBXFileReference; lastKnownFileType = sourcecode.swift; path = PollingCoordinator.swift; sourceTree = "<group>"; };
		A1000000000000000000009D /* AccessibilityCoordinator.swift */ = {isa = PBXFileReference; lastKnownFileType = sourcecode.swift; path = AccessibilityCoordinator.swift; sourceTree = "<group>"; };
		A1000000000000000000009F /* ProgressStoreAdapter.swift */ = {isa = PBXFileReference; lastKnownFileType = sourcecode.swift; path = ProgressStoreAdapter.swift; sourceTree = "<group>"; };
		A100000000000000000000A1 /* SessionStoreAdapter.swift */ = {isa = PBXFileReference; lastKnownFileType = sourcecode.swift; path = SessionStoreAdapter.swift; sourceTree = "<group>"; };
		A100000000000000000000B1 /* AppStore.swift */ = {isa = PBXFileReference; lastKnownFileType = sourcecode.swift; path = AppStore.swift; sourceTree = "<group>"; };
		A100000000000000000000B3 /* RuntimeStore.swift */ = {isa = PBXFileReference; lastKnownFileType = sourcecode.swift; path = RuntimeStore.swift; sourceTree = "<group>"; };
		A100000000000000000000B5 /* PresentationStore.swift */ = {isa = PBXFileReference; lastKnownFileType = sourcecode.swift; path = PresentationStore.swift; sourceTree = "<group>"; };
			A100000000000000000000B7 /* StoreEffects.swift */ = {isa = PBXFileReference; lastKnownFileType = sourcecode.swift; path = StoreEffects.swift; sourceTree = "<group>"; };
			A100000000000000000000C1 /* IslandEvent.swift */ = {isa = PBXFileReference; lastKnownFileType = sourcecode.swift; path = IslandEvent.swift; sourceTree = "<group>"; };
			A100000000000000000000C3 /* SessionEvent.swift */ = {isa = PBXFileReference; lastKnownFileType = sourcecode.swift; path = SessionEvent.swift; sourceTree = "<group>"; };
			A100000000000000000000C5 /* ApprovalEvent.swift */ = {isa = PBXFileReference; lastKnownFileType = sourcecode.swift; path = ApprovalEvent.swift; sourceTree = "<group>"; };
			A100000000000000000000C7 /* DiagnosticsEvent.swift */ = {isa = PBXFileReference; lastKnownFileType = sourcecode.swift; path = DiagnosticsEvent.swift; sourceTree = "<group>"; };
			A100000000000000000000C9 /* SessionReducer.swift */ = {isa = PBXFileReference; lastKnownFileType = sourcecode.swift; path = SessionReducer.swift; sourceTree = "<group>"; };
			A100000000000000000000CB /* ApprovalReducer.swift */ = {isa = PBXFileReference; lastKnownFileType = sourcecode.swift; path = ApprovalReducer.swift; sourceTree = "<group>"; };
			A100000000000000000000CD /* RuntimeReducer.swift */ = {isa = PBXFileReference; lastKnownFileType = sourcecode.swift; path = RuntimeReducer.swift; sourceTree = "<group>"; };
			A100000000000000000000CF /* ActivitySnapshotMerger.swift */ = {isa = PBXFileReference; lastKnownFileType = sourcecode.swift; path = ActivitySnapshotMerger.swift; sourceTree = "<group>"; };
			A100000000000000000000D1 /* ApprovalRequestMerger.swift */ = {isa = PBXFileReference; lastKnownFileType = sourcecode.swift; path = ApprovalRequestMerger.swift; sourceTree = "<group>"; };
			A100000000000000000000D3 /* ActivitySnapshotEventAdapter.swift */ = {isa = PBXFileReference; lastKnownFileType = sourcecode.swift; path = ActivitySnapshotEventAdapter.swift; sourceTree = "<group>"; };
			A100000000000000000000E1 /* ApprovalState.swift */ = {isa = PBXFileReference; lastKnownFileType = sourcecode.swift; path = ApprovalState.swift; sourceTree = "<group>"; };
			A100000000000000000000E3 /* ApprovalDiagnostic.swift */ = {isa = PBXFileReference; lastKnownFileType = sourcecode.swift; path = ApprovalDiagnostic.swift; sourceTree = "<group>"; };
			A100000000000000000000E5 /* ApprovalExecutor.swift */ = {isa = PBXFileReference; lastKnownFileType = sourcecode.swift; path = ApprovalExecutor.swift; sourceTree = "<group>"; };
			A100000000000000000000E7 /* AccessibilityApprovalExecutor.swift */ = {isa = PBXFileReference; lastKnownFileType = sourcecode.swift; path = AccessibilityApprovalExecutor.swift; sourceTree = "<group>"; };
			A100000000000000000000E9 /* HTTPHookApprovalExecutor.swift */ = {isa = PBXFileReference; lastKnownFileType = sourcecode.swift; path = HTTPHookApprovalExecutor.swift; sourceTree = "<group>"; };
			A100000000000000000000EB /* ApprovalPanelView.swift */ = {isa = PBXFileReference; lastKnownFileType = sourcecode.swift; path = ApprovalPanelView.swift; sourceTree = "<group>"; };
			A100000000000000000000ED /* ApprovalInlineView.swift */ = {isa = PBXFileReference; lastKnownFileType = sourcecode.swift; path = ApprovalInlineView.swift; sourceTree = "<group>"; };
			A100000000000000000000F3 /* ClaudeUsageSnapshot.swift */ = {isa = PBXFileReference; lastKnownFileType = sourcecode.swift; path = ClaudeUsageSnapshot.swift; sourceTree = "<group>"; };
			A100000000000000000000F5 /* CodexUsageSnapshot.swift */ = {isa = PBXFileReference; lastKnownFileType = sourcecode.swift; path = CodexUsageSnapshot.swift; sourceTree = "<group>"; };
			A100000000000000000000F7 /* UsageProviderState.swift */ = {isa = PBXFileReference; lastKnownFileType = sourcecode.swift; path = UsageProviderState.swift; sourceTree = "<group>"; };
			A100000000000000000000F9 /* ClaudeUsageLoader.swift */ = {isa = PBXFileReference; lastKnownFileType = sourcecode.swift; path = ClaudeUsageLoader.swift; sourceTree = "<group>"; };
			A100000000000000000000FB /* CodexUsageLoader.swift */ = {isa = PBXFileReference; lastKnownFileType = sourcecode.swift; path = CodexUsageLoader.swift; sourceTree = "<group>"; };
			A100000000000000000000FD /* UsageSummaryFormatter.swift */ = {isa = PBXFileReference; lastKnownFileType = sourcecode.swift; path = UsageSummaryFormatter.swift; sourceTree = "<group>"; };
			A10000000000000000000101 /* ClaudeUsageSource.swift */ = {isa = PBXFileReference; lastKnownFileType = sourcecode.swift; path = ClaudeUsageSource.swift; sourceTree = "<group>"; };
			A10000000000000000000103 /* CodexRolloutUsageSource.swift */ = {isa = PBXFileReference; lastKnownFileType = sourcecode.swift; path = CodexRolloutUsageSource.swift; sourceTree = "<group>"; };
			A10000000000000000000105 /* UsageSummaryView.swift */ = {isa = PBXFileReference; lastKnownFileType = sourcecode.swift; path = UsageSummaryView.swift; sourceTree = "<group>"; };
			A10000000000000000000107 /* ClaudeUsageCardView.swift */ = {isa = PBXFileReference; lastKnownFileType = sourcecode.swift; path = ClaudeUsageCardView.swift; sourceTree = "<group>"; };
			A10000000000000000000109 /* CodexUsageCardView.swift */ = {isa = PBXFileReference; lastKnownFileType = sourcecode.swift; path = CodexUsageCardView.swift; sourceTree = "<group>"; };
			A10000000000000000000111 /* DiagnosticIssue.swift */ = {isa = PBXFileReference; lastKnownFileType = sourcecode.swift; path = DiagnosticIssue.swift; sourceTree = "<group>"; };
			A10000000000000000000113 /* SourceHealthReport.swift */ = {isa = PBXFileReference; lastKnownFileType = sourcecode.swift; path = SourceHealthReport.swift; sourceTree = "<group>"; };
			A10000000000000000000115 /* SourceErrorMapper.swift */ = {isa = PBXFileReference; lastKnownFileType = sourcecode.swift; path = SourceErrorMapper.swift; sourceTree = "<group>"; };
			A10000000000000000000117 /* DiagnosticsFormatter.swift */ = {isa = PBXFileReference; lastKnownFileType = sourcecode.swift; path = DiagnosticsFormatter.swift; sourceTree = "<group>"; };
			A10000000000000000000119 /* ClaudeHTTPCallbackServer.swift */ = {isa = PBXFileReference; lastKnownFileType = sourcecode.swift; path = ClaudeHTTPCallbackServer.swift; sourceTree = "<group>"; };
			A1000000000000000000011B /* ClaudeHookInstaller.swift */ = {isa = PBXFileReference; lastKnownFileType = sourcecode.swift; path = ClaudeHookInstaller.swift; sourceTree = "<group>"; };
			A1000000000000000000011D /* ClaudeHookHealthChecker.swift */ = {isa = PBXFileReference; lastKnownFileType = sourcecode.swift; path = ClaudeHookHealthChecker.swift; sourceTree = "<group>"; };
			A1000000000000000000011F /* ClaudeHookBootstrap.swift */ = {isa = PBXFileReference; lastKnownFileType = sourcecode.swift; path = ClaudeHookBootstrap.swift; sourceTree = "<group>"; };
			A10000000000000000000121 /* CodexSQLiteReader.swift */ = {isa = PBXFileReference; lastKnownFileType = sourcecode.swift; path = CodexSQLiteReader.swift; sourceTree = "<group>"; };
			A10000000000000000000123 /* CodexSessionReader.swift */ = {isa = PBXFileReference; lastKnownFileType = sourcecode.swift; path = CodexSessionReader.swift; sourceTree = "<group>"; };
			A10000000000000000000125 /* CodexLogReader.swift */ = {isa = PBXFileReference; lastKnownFileType = sourcecode.swift; path = CodexLogReader.swift; sourceTree = "<group>"; };
			A10000000000000000000127 /* CodexHookSource.swift */ = {isa = PBXFileReference; lastKnownFileType = sourcecode.swift; path = CodexHookSource.swift; sourceTree = "<group>"; };
			A10000000000000000000129 /* DiagnosticsCardView.swift */ = {isa = PBXFileReference; lastKnownFileType = sourcecode.swift; path = DiagnosticsCardView.swift; sourceTree = "<group>"; };
			A1000000000000000000012D /* GitHubReleaseUpdateChecker.swift */ = {isa = PBXFileReference; lastKnownFileType = sourcecode.swift; path = GitHubReleaseUpdateChecker.swift; sourceTree = "<group>"; };
			A1000000000000000000012F /* GitHubReleaseAssetDownloader.swift */ = {isa = PBXFileReference; lastKnownFileType = sourcecode.swift; path = GitHubReleaseAssetDownloader.swift; sourceTree = "<group>"; };
			A1000000000000000000013E /* QuestionOption.swift */ = {isa = PBXFileReference; lastKnownFileType = sourcecode.swift; path = QuestionOption.swift; sourceTree = "<group>"; };
			A1000000000000000000013F /* QuestionPresentationMode.swift */ = {isa = PBXFileReference; lastKnownFileType = sourcecode.swift; path = QuestionPresentationMode.swift; sourceTree = "<group>"; };
			A10000000000000000000140 /* ClaudeQuestionResponse.swift */ = {isa = PBXFileReference; lastKnownFileType = sourcecode.swift; path = ClaudeQuestionResponse.swift; sourceTree = "<group>"; };
			A10000000000000000000141 /* ClaudeQuestionPrompt.swift */ = {isa = PBXFileReference; lastKnownFileType = sourcecode.swift; path = ClaudeQuestionPrompt.swift; sourceTree = "<group>"; };
			A10000000000000000000142 /* QuestionStore.swift */ = {isa = PBXFileReference; lastKnownFileType = sourcecode.swift; path = QuestionStore.swift; sourceTree = "<group>"; };
			A10000000000000000000143 /* ClaudeQuestionSource.swift */ = {isa = PBXFileReference; lastKnownFileType = sourcecode.swift; path = ClaudeQuestionSource.swift; sourceTree = "<group>"; };
			A10000000000000000000144 /* ClaudeQuestionBridge.swift */ = {isa = PBXFileReference; lastKnownFileType = sourcecode.swift; path = ClaudeQuestionBridge.swift; sourceTree = "<group>"; };
			A10000000000000000000145 /* QuestionPromptCardView.swift */ = {isa = PBXFileReference; lastKnownFileType = sourcecode.swift; path = QuestionPromptCardView.swift; sourceTree = "<group>"; };
			A10000000000000000000146 /* QuestionOptionButtonsView.swift */ = {isa = PBXFileReference; lastKnownFileType = sourcecode.swift; path = QuestionOptionButtonsView.swift; sourceTree = "<group>"; };
			A10000000000000000000147 /* QuestionTextInputView.swift */ = {isa = PBXFileReference; lastKnownFileType = sourcecode.swift; path = QuestionTextInputView.swift; sourceTree = "<group>"; };
			A10000000000000000000148 /* QuestionPanelView.swift */ = {isa = PBXFileReference; lastKnownFileType = sourcecode.swift; path = QuestionPanelView.swift; sourceTree = "<group>"; };
			A10000000000000000000149 /* QuestionInlineView.swift */ = {isa = PBXFileReference; lastKnownFileType = sourcecode.swift; path = QuestionInlineView.swift; sourceTree = "<group>"; };
		A30000000000000000000011 /* ArchitectureLogicTests.swift */ = {isa = PBXFileReference; lastKnownFileType = sourcecode.swift; path = ArchitectureLogicTests.swift; sourceTree = "<group>"; };
		A30000000000000000000012 /* ClaudeProviderConfigStoreTests.swift */ = {isa = PBXFileReference; lastKnownFileType = sourcecode.swift; path = ClaudeProviderConfigStoreTests.swift; sourceTree = "<group>"; };
		A30000000000000000000013 /* ZenIslandTests.xctest */ = {isa = PBXFileReference; explicitFileType = wrapper.cfbundle; includeInIndex = 0; path = ZenIslandTests.xctest; sourceTree = BUILT_PRODUCTS_DIR; };
/* End PBXFileReference section */

/* Begin PBXFrameworksBuildPhase section */
		A10000000000000000000021 /* Frameworks */ = {
			isa = PBXFrameworksBuildPhase;
			buildActionMask = 2147483647;
			files = (
			);
			runOnlyForDeploymentPostprocessing = 0;
		};
		A30000000000000000000030 /* Frameworks */ = {
			isa = PBXFrameworksBuildPhase;
			buildActionMask = 2147483647;
			files = (
			);
			runOnlyForDeploymentPostprocessing = 0;
		};
/* End PBXFrameworksBuildPhase section */

/* Begin PBXGroup section */
		A10000000000000000000030 = {
			isa = PBXGroup;
			children = (
				A10000000000000000000031 /* DynamicCLIIsland */,
				A30000000000000000000020 /* ZenIslandTests */,
				A10000000000000000000032 /* Products */,
			);
			sourceTree = "<group>";
		};
			A10000000000000000000031 /* DynamicCLIIsland */ = {
				isa = PBXGroup;
				children = (
					A10000000000000000000001 /* ZenIslandApp.swift */,
					A10000000000000000000002 /* AppDelegate.swift */,
					A10000000000000000000044 /* Assets.xcassets */,
					A100000000000000000000A2 /* App */,
					A100000000000000000000A3 /* Core */,
					A100000000000000000000A6 /* Coordinators */,
					A100000000000000000000AA /* Legacy */,
					A100000000000000000000B8 /* State */,
					A10000000000000000000033 /* Models */,
				A10000000000000000000034 /* Stores */,
				A10000000000000000000037 /* Sources */,
				A10000000000000000000038 /* Services */,
				A10000000000000000000035 /* Views */,
				A10000000000000000000036 /* Resources */,
				A10000000000000000000006 /* Info.plist */,
			);
			path = DynamicCLIIsland;
			sourceTree = "<group>";
		};
		A10000000000000000000032 /* Products */ = {
			isa = PBXGroup;
			children = (
				A10000000000000000000007 /* ZenIsland.app */,
				A30000000000000000000013 /* ZenIslandTests.xctest */,
			);
			name = Products;
			sourceTree = "<group>";
		};
		A10000000000000000000033 /* Models */ = {
			isa = PBXGroup;
			children = (
				A10000000000000000000003 /* CLIJob.swift */,
				A1000000000000000000000C /* IslandRuntimeModels.swift */,
				A10000000000000000000141 /* ClaudeQuestionPrompt.swift */,
				A10000000000000000000140 /* ClaudeQuestionResponse.swift */,
				A1000000000000000000013F /* QuestionPresentationMode.swift */,
				A1000000000000000000013E /* QuestionOption.swift */,
			);
			path = Models;
			sourceTree = "<group>";
		};
		A10000000000000000000034 /* Stores */ = {
			isa = PBXGroup;
			children = (
				A1000000000000000000000E /* ApprovalStore.swift */,
				A10000000000000000000004 /* ProgressStore.swift */,
				A10000000000000000000142 /* QuestionStore.swift */,
				A1000000000000000000000D /* SessionStore.swift */,
			);
			path = Stores;
			sourceTree = "<group>";
		};
			A10000000000000000000035 /* Views */ = {
				isa = PBXGroup;
				children = (
					A100000000000000000000EE /* Approval */,
					A1000000000000000000012A /* Diagnostics */,
					A10000000000000000000150 /* Question */,
					A2000000000000000000000B /* Settings */,
					A10000000000000000000151 /* DotMatrixSineWaveStatusGlyph.swift */,
					A10000000000000000000153 /* DotMatrixSuccessStatusGlyph.swift */,
					A10000000000000000000155 /* DotMatrixFailureStatusGlyph.swift */,
					A1000000000000000000010A /* Usage */,
					A1000000000000000000014D /* DotMatrixSpinnerStatusGlyph.swift */,
					A1000000000000000000014B /* DotMatrixWaveStatusGlyph.swift */,
					A10000000000000000000005 /* IslandRootView.swift */,
				);
				path = Views;
				sourceTree = "<group>";
		};
			A10000000000000000000036 /* Resources */ = {
				isa = PBXGroup;
				children = (
					A10000000000000000000048 /* notification-ping.mp3 */,
					A10000000000000000000132 /* success.mp3 */,
					A10000000000000000000042 /* zen-island.png */,
					A1000000000000000000002E /* openai.png */,
					A1000000000000000000002C /* codex.png */,
					A1000000000000000000002A /* codex-color.png */,
				A10000000000000000000028 /* claudecode-v10.png */,
				A1000000000000000000000B /* zenmux.png */,
				A1000000000000000000000A /* claudecode-bar.png */,
				A10000000000000000000008 /* claudecode.png */,
			);
			path = Resources;
			sourceTree = "<group>";
		};
			A10000000000000000000037 /* Sources */ = {
				isa = PBXGroup;
				children = (
					A1000000000000000000010B /* Claude */,
					A1000000000000000000010C /* Codex */,
					A10000000000000000000168 /* OpenCode */,
					A10000000000000000000017 /* LocalCodexSource.swift */,
					A10000000000000000000010 /* ProgressSources.swift */,
					A100000000000000000000D6 /* Shared */,
				);
				path = Sources;
				sourceTree = "<group>";
			};
			A10000000000000000000038 /* Services */ = {
				isa = PBXGroup;
				children = (
					A100000000000000000000F0 /* Approval */,
					A1000000000000000000012B /* Diagnostics */,
					A1000000000000000000012F /* GitHubReleaseAssetDownloader.swift */,
					A1000000000000000000012D /* GitHubReleaseUpdateChecker.swift */,
					A20000000000000000000007 /* ClaudeProviderConfigStore.swift */,
					A1000000000000000000010D /* Usage */,
					A10000000000000000000026 /* AccessibilityPermissionMonitor.swift */,
					A10000000000000000000024 /* FocusLauncher.swift */,
					A40000000000000000000004 /* LoginItemController.swift */,
					A10000000000000000000046 /* NotificationSoundPlayer.swift */,
					A1000000000000000000000F /* FocusRouter.swift */,
			);
			path = Services;
			sourceTree = "<group>";
		};
		A100000000000000000000A2 /* App */ = {
			isa = PBXGroup;
			children = (
				A10000000000000000000081 /* AppEnvironment.swift */,
				A10000000000000000000083 /* AppBootstrapper.swift */,
			);
			path = App;
			sourceTree = "<group>";
		};
			A100000000000000000000A3 /* Core */ = {
				isa = PBXGroup;
				children = (
					A100000000000000000000A4 /* Utilities */,
					A100000000000000000000A5 /* Protocols */,
					A100000000000000000000EF /* Models */,
					A100000000000000000000D4 /* Events */,
					A100000000000000000000D5 /* Reducers */,
				);
				path = Core;
				sourceTree = "<group>";
			};
		A100000000000000000000A4 /* Utilities */ = {
			isa = PBXGroup;
				children = (
					A10000000000000000000085 /* Logger.swift */,
					A10000000000000000000087 /* FilePaths.swift */,
					A40000000000000000000002 /* LogRetentionCleaner.swift */,
				);
			path = Utilities;
			sourceTree = "<group>";
		};
		A100000000000000000000A5 /* Protocols */ = {
			isa = PBXGroup;
			children = (
				A10000000000000000000089 /* ActivitySource.swift */,
				A1000000000000000000008B /* ApprovalSource.swift */,
				A1000000000000000000008D /* UsageSource.swift */,
				A1000000000000000000008F /* HookInstaller.swift */,
				A10000000000000000000091 /* FocusRouting.swift */,
			);
			path = Protocols;
			sourceTree = "<group>";
		};
		A100000000000000000000A6 /* Coordinators */ = {
			isa = PBXGroup;
			children = (
				A100000000000000000000A7 /* Window */,
				A100000000000000000000A8 /* MenuBar */,
				A100000000000000000000A9 /* Monitoring */,
			);
			path = Coordinators;
			sourceTree = "<group>";
		};
		A100000000000000000000A7 /* Window */ = {
			isa = PBXGroup;
			children = (
				A10000000000000000000093 /* IslandWindowCoordinator.swift */,
				A20000000000000000000003 /* IslandWindowViews.swift */,
				A20000000000000000000005 /* SettingsWindowCoordinator.swift */,
				A10000000000000000000095 /* WindowSizingCoordinator.swift */,
				A10000000000000000000097 /* ScreenPlacementCoordinator.swift */,
			);
			path = Window;
			sourceTree = "<group>";
		};
		A100000000000000000000A8 /* MenuBar */ = {
			isa = PBXGroup;
			children = (
				A10000000000000000000099 /* StatusItemCoordinator.swift */,
			);
			path = MenuBar;
			sourceTree = "<group>";
		};
		A100000000000000000000A9 /* Monitoring */ = {
			isa = PBXGroup;
			children = (
				A1000000000000000000009B /* PollingCoordinator.swift */,
				A20000000000000000000009 /* ProviderConfigWatcher.swift */,
				A1000000000000000000009D /* AccessibilityCoordinator.swift */,
			);
			path = Monitoring;
			sourceTree = "<group>";
		};
		A100000000000000000000AA /* Legacy */ = {
			isa = PBXGroup;
			children = (
				A100000000000000000000AB /* CompatibilityAdapters */,
			);
			path = Legacy;
			sourceTree = "<group>";
		};
			A100000000000000000000AB /* CompatibilityAdapters */ = {
				isa = PBXGroup;
				children = (
					A1000000000000000000009F /* ProgressStoreAdapter.swift */,
					A100000000000000000000A1 /* SessionStoreAdapter.swift */,
					A100000000000000000000D3 /* ActivitySnapshotEventAdapter.swift */,
				);
				path = CompatibilityAdapters;
				sourceTree = "<group>";
			};
			A100000000000000000000B8 /* State */ = {
				isa = PBXGroup;
				children = (
					A100000000000000000000B1 /* AppStore.swift */,
					A100000000000000000000B3 /* RuntimeStore.swift */,
					A100000000000000000000B5 /* PresentationStore.swift */,
					A100000000000000000000B7 /* StoreEffects.swift */,
				);
				path = State;
				sourceTree = "<group>";
			};
			A100000000000000000000D4 /* Events */ = {
				isa = PBXGroup;
				children = (
					A100000000000000000000C1 /* IslandEvent.swift */,
					A100000000000000000000C3 /* SessionEvent.swift */,
					A100000000000000000000C5 /* ApprovalEvent.swift */,
					A100000000000000000000C7 /* DiagnosticsEvent.swift */,
				);
				path = Events;
				sourceTree = "<group>";
			};
			A100000000000000000000D5 /* Reducers */ = {
				isa = PBXGroup;
				children = (
					A100000000000000000000C9 /* SessionReducer.swift */,
					A100000000000000000000CB /* ApprovalReducer.swift */,
					A100000000000000000000CD /* RuntimeReducer.swift */,
				);
				path = Reducers;
				sourceTree = "<group>";
			};
			A100000000000000000000D6 /* Shared */ = {
				isa = PBXGroup;
				children = (
					A100000000000000000000CF /* ActivitySnapshotMerger.swift */,
					A100000000000000000000D1 /* ApprovalRequestMerger.swift */,
					A10000000000000000000115 /* SourceErrorMapper.swift */,
				);
				path = Shared;
				sourceTree = "<group>";
			};
			A100000000000000000000EE /* Approval */ = {
				isa = PBXGroup;
				children = (
					A100000000000000000000EB /* ApprovalPanelView.swift */,
					A100000000000000000000ED /* ApprovalInlineView.swift */,
				);
				path = Approval;
				sourceTree = "<group>";
			};
			A100000000000000000000EF /* Models */ = {
				isa = PBXGroup;
				children = (
					A100000000000000000000F1 /* Approval */,
					A1000000000000000000012C /* Diagnostics */,
					A1000000000000000000010E /* Usage */,
				);
				path = Models;
				sourceTree = "<group>";
			};
			A100000000000000000000F0 /* Approval */ = {
				isa = PBXGroup;
				children = (
					A100000000000000000000E5 /* ApprovalExecutor.swift */,
					A100000000000000000000E7 /* AccessibilityApprovalExecutor.swift */,
					A100000000000000000000E9 /* HTTPHookApprovalExecutor.swift */,
				);
				path = Approval;
				sourceTree = "<group>";
			};
			A100000000000000000000F1 /* Approval */ = {
				isa = PBXGroup;
				children = (
					A100000000000000000000E1 /* ApprovalState.swift */,
					A100000000000000000000E3 /* ApprovalDiagnostic.swift */,
				);
				path = Approval;
				sourceTree = "<group>";
			};
			A1000000000000000000010A /* Usage */ = {
				isa = PBXGroup;
				children = (
					A10000000000000000000105 /* UsageSummaryView.swift */,
					A10000000000000000000107 /* ClaudeUsageCardView.swift */,
					A10000000000000000000109 /* CodexUsageCardView.swift */,
					A10000000000000000000177 /* OpenCodeUsageCardView.swift */,
				);
				path = Usage;
				sourceTree = "<group>";
			};
			A1000000000000000000010B /* Claude */ = {
				isa = PBXGroup;
				children = (
					A10000000000000000000144 /* ClaudeQuestionBridge.swift */,
					A10000000000000000000143 /* ClaudeQuestionSource.swift */,
					A10000000000000000000101 /* ClaudeUsageSource.swift */,
					A10000000000000000000119 /* ClaudeHTTPCallbackServer.swift */,
					A1000000000000000000011B /* ClaudeHookInstaller.swift */,
					A1000000000000000000011D /* ClaudeHookHealthChecker.swift */,
					A1000000000000000000011F /* ClaudeHookBootstrap.swift */,
				);
				path = Claude;
				sourceTree = "<group>";
			};
			A1000000000000000000010C /* Codex */ = {
				isa = PBXGroup;
				children = (
					A10000000000000000000103 /* CodexRolloutUsageSource.swift */,
					A10000000000000000000121 /* CodexSQLiteReader.swift */,
					A10000000000000000000123 /* CodexSessionReader.swift */,
					A10000000000000000000125 /* CodexLogReader.swift */,
					A10000000000000000000127 /* CodexHookSource.swift */,
				);
				path = Codex;
				sourceTree = "<group>";
			};
			A10000000000000000000168 /* OpenCode */ = {
				isa = PBXGroup;
				children = (
					A10000000000000000000161 /* OpenCodeHookBridge.swift */,
					A10000000000000000000163 /* OpenCodeHookInstaller.swift */,
					A10000000000000000000165 /* OpenCodeSQLiteReader.swift */,
					A10000000000000000000167 /* OpenCodeApprovalExecutor.swift */,
					A10000000000000000000175 /* OpenCodeUsageSource.swift */,
				);
				path = OpenCode;
				sourceTree = "<group>";
			};
			A1000000000000000000010D /* Usage */ = {
				isa = PBXGroup;
				children = (
					A100000000000000000000F9 /* ClaudeUsageLoader.swift */,
					A100000000000000000000FB /* CodexUsageLoader.swift */,
					A10000000000000000000173 /* OpenCodeUsageLoader.swift */,
					A100000000000000000000FD /* UsageSummaryFormatter.swift */,
				);
				path = Usage;
				sourceTree = "<group>";
			};
			A1000000000000000000010E /* Usage */ = {
				isa = PBXGroup;
				children = (
					A100000000000000000000F3 /* ClaudeUsageSnapshot.swift */,
					A100000000000000000000F5 /* CodexUsageSnapshot.swift */,
					A10000000000000000000171 /* OpenCodeUsageSnapshot.swift */,
					A100000000000000000000F7 /* UsageProviderState.swift */,
				);
				path = Usage;
				sourceTree = "<group>";
			};
			A2000000000000000000000B /* Settings */ = {
				isa = PBXGroup;
				children = (
					A20000000000000000000001 /* SettingsPanelView.swift */,
				);
				path = Settings;
				sourceTree = "<group>";
			};
			A1000000000000000000012A /* Diagnostics */ = {
				isa = PBXGroup;
				children = (
					A10000000000000000000129 /* DiagnosticsCardView.swift */,
				);
				path = Diagnostics;
				sourceTree = "<group>";
			};
			A10000000000000000000150 /* Question */ = {
				isa = PBXGroup;
				children = (
					A10000000000000000000145 /* QuestionPromptCardView.swift */,
					A10000000000000000000146 /* QuestionOptionButtonsView.swift */,
					A10000000000000000000147 /* QuestionTextInputView.swift */,
					A10000000000000000000148 /* QuestionPanelView.swift */,
					A10000000000000000000149 /* QuestionInlineView.swift */,
				);
				path = Question;
				sourceTree = "<group>";
			};
			A1000000000000000000012B /* Diagnostics */ = {
				isa = PBXGroup;
				children = (
					A10000000000000000000117 /* DiagnosticsFormatter.swift */,
				);
				path = Diagnostics;
				sourceTree = "<group>";
			};
			A1000000000000000000012C /* Diagnostics */ = {
				isa = PBXGroup;
				children = (
					A10000000000000000000111 /* DiagnosticIssue.swift */,
					A10000000000000000000113 /* SourceHealthReport.swift */,
				);
				path = Diagnostics;
				sourceTree = "<group>";
			};
		A30000000000000000000020 /* ZenIslandTests */ = {
			isa = PBXGroup;
			children = (
				A30000000000000000000011 /* ArchitectureLogicTests.swift */,
				A30000000000000000000012 /* ClaudeProviderConfigStoreTests.swift */,
			);
			path = ZenIslandTests;
			sourceTree = "<group>";
		};
/* End PBXGroup section */

/* Begin PBXNativeTarget section */
		A10000000000000000000040 /* ZenIsland */ = {
			isa = PBXNativeTarget;
			buildConfigurationList = A10000000000000000000050 /* Build configuration list for PBXNativeTarget "ZenIsland" */;
			buildPhases = (
				A10000000000000000000020 /* Sources */,
				A10000000000000000000021 /* Frameworks */,
				A10000000000000000000022 /* Resources */,
			);
			buildRules = (
			);
			dependencies = (
			);
			name = ZenIsland;
			productName = ZenIsland;
			productReference = A10000000000000000000007 /* ZenIsland.app */;
			productType = "com.apple.product-type.application";
		};
		A30000000000000000000040 /* ZenIslandTests */ = {
			isa = PBXNativeTarget;
			buildConfigurationList = A30000000000000000000050 /* Build configuration list for PBXNativeTarget "ZenIslandTests" */;
			buildPhases = (
				A30000000000000000000031 /* Sources */,
				A30000000000000000000030 /* Frameworks */,
				A30000000000000000000032 /* Resources */,
			);
			buildRules = (
			);
			dependencies = (
				A30000000000000000000060 /* PBXTargetDependency */,
			);
			name = ZenIslandTests;
			productName = ZenIslandTests;
			productReference = A30000000000000000000013 /* ZenIslandTests.xctest */;
			productType = "com.apple.product-type.bundle.unit-test";
		};
/* End PBXNativeTarget section */

/* Begin PBXProject section */
		A10000000000000000000060 /* Project object */ = {
			isa = PBXProject;
			attributes = {
				BuildIndependentTargetsInParallel = 1;
				LastSwiftUpdateCheck = 2600;
				LastUpgradeCheck = 2600;
				TargetAttributes = {
					A10000000000000000000040 = {
						CreatedOnToolsVersion = 26.4;
					};
					A30000000000000000000040 = {
						CreatedOnToolsVersion = 26.4;
						TestTargetID = A10000000000000000000040;
					};
				};
			};
			buildConfigurationList = A10000000000000000000061 /* Build configuration list for PBXProject "ZenIsland" */;
			compatibilityVersion = "Xcode 15.0";
			developmentRegion = en;
			hasScannedForEncodings = 0;
			knownRegions = (
				en,
				Base,
			);
			mainGroup = A10000000000000000000030;
			productRefGroup = A10000000000000000000032 /* Products */;
			projectDirPath = "";
			projectRoot = "";
			targets = (
				A10000000000000000000040 /* ZenIsland */,
				A30000000000000000000040 /* ZenIslandTests */,
			);
		};
/* End PBXProject section */

/* Begin PBXResourcesBuildPhase section */
			A10000000000000000000022 /* Resources */ = {
				isa = PBXResourcesBuildPhase;
				buildActionMask = 2147483647;
					files = (
						A10000000000000000000043 /* Assets.xcassets in Resources */,
						A10000000000000000000047 /* notification-ping.mp3 in Resources */,
						A10000000000000000000131 /* success.mp3 in Resources */,
						A10000000000000000000041 /* zen-island.png in Resources */,
					A1000000000000000000002D /* openai.png in Resources */,
					A1000000000000000000002B /* codex.png in Resources */,
					A10000000000000000000029 /* codex-color.png in Resources */,
				A10000000000000000000027 /* claudecode-v10.png in Resources */,
				A10000000000000000000019 /* zenmux.png in Resources */,
				A10000000000000000000018 /* claudecode-bar.png in Resources */,
				A10000000000000000000016 /* claudecode.png in Resources */,
			);
			runOnlyForDeploymentPostprocessing = 0;
		};
		A30000000000000000000032 /* Resources */ = {
			isa = PBXResourcesBuildPhase;
			buildActionMask = 2147483647;
			files = (
			);
			runOnlyForDeploymentPostprocessing = 0;
		};
/* End PBXResourcesBuildPhase section */

/* Begin PBXSourcesBuildPhase section */
		A10000000000000000000020 /* Sources */ = {
			isa = PBXSourcesBuildPhase;
			buildActionMask = 2147483647;
			files = (
				A10000000000000000000011 /* ZenIslandApp.swift in Sources */,
				A10000000000000000000012 /* AppDelegate.swift in Sources */,
				A10000000000000000000013 /* CLIJob.swift in Sources */,
				A10000000000000000000014 /* ProgressStore.swift in Sources */,
				A10000000000000000000015 /* IslandRootView.swift in Sources */,
				A10000000000000000000152 /* DotMatrixSineWaveStatusGlyph.swift in Sources */,
				A10000000000000000000154 /* DotMatrixSuccessStatusGlyph.swift in Sources */,
				A10000000000000000000156 /* DotMatrixFailureStatusGlyph.swift in Sources */,
				A1000000000000000000014E /* DotMatrixSpinnerStatusGlyph.swift in Sources */,
				A1000000000000000000014C /* DotMatrixWaveStatusGlyph.swift in Sources */,
				A1000000000000000000001A /* IslandRuntimeModels.swift in Sources */,
				A1000000000000000000001B /* SessionStore.swift in Sources */,
				A1000000000000000000001C /* ApprovalStore.swift in Sources */,
				A1000000000000000000001D /* FocusRouter.swift in Sources */,
				A1000000000000000000001E /* ProgressSources.swift in Sources */,
				A1000000000000000000001F /* LocalCodexSource.swift in Sources */,
				A10000000000000000000023 /* FocusLauncher.swift in Sources */,
				A10000000000000000000025 /* AccessibilityPermissionMonitor.swift in Sources */,
				A10000000000000000000045 /* NotificationSoundPlayer.swift in Sources */,
				A10000000000000000000080 /* AppEnvironment.swift in Sources */,
				A10000000000000000000082 /* AppBootstrapper.swift in Sources */,
				A10000000000000000000084 /* Logger.swift in Sources */,
				A10000000000000000000086 /* FilePaths.swift in Sources */,
				A40000000000000000000001 /* LogRetentionCleaner.swift in Sources */,
				A10000000000000000000088 /* ActivitySource.swift in Sources */,
				A1000000000000000000008A /* ApprovalSource.swift in Sources */,
				A1000000000000000000008C /* UsageSource.swift in Sources */,
				A1000000000000000000008E /* HookInstaller.swift in Sources */,
				A10000000000000000000090 /* FocusRouting.swift in Sources */,
				A10000000000000000000092 /* IslandWindowCoordinator.swift in Sources */,
				A10000000000000000000094 /* WindowSizingCoordinator.swift in Sources */,
				A10000000000000000000096 /* ScreenPlacementCoordinator.swift in Sources */,
				A10000000000000000000098 /* StatusItemCoordinator.swift in Sources */,
				A1000000000000000000009A /* PollingCoordinator.swift in Sources */,
				A1000000000000000000009C /* AccessibilityCoordinator.swift in Sources */,
				A1000000000000000000009E /* ProgressStoreAdapter.swift in Sources */,
				A100000000000000000000A0 /* SessionStoreAdapter.swift in Sources */,
					A100000000000000000000B0 /* AppStore.swift in Sources */,
					A100000000000000000000B2 /* RuntimeStore.swift in Sources */,
					A100000000000000000000B4 /* PresentationStore.swift in Sources */,
					A100000000000000000000B6 /* StoreEffects.swift in Sources */,
					A100000000000000000000C0 /* IslandEvent.swift in Sources */,
					A100000000000000000000C2 /* SessionEvent.swift in Sources */,
					A100000000000000000000C4 /* ApprovalEvent.swift in Sources */,
					A100000000000000000000C6 /* DiagnosticsEvent.swift in Sources */,
					A100000000000000000000C8 /* SessionReducer.swift in Sources */,
					A100000000000000000000CA /* ApprovalReducer.swift in Sources */,
					A100000000000000000000CC /* RuntimeReducer.swift in Sources */,
					A100000000000000000000CE /* ActivitySnapshotMerger.swift in Sources */,
					A100000000000000000000D0 /* ApprovalRequestMerger.swift in Sources */,
					A100000000000000000000D2 /* ActivitySnapshotEventAdapter.swift in Sources */,
					A100000000000000000000E0 /* ApprovalState.swift in Sources */,
					A100000000000000000000E2 /* ApprovalDiagnostic.swift in Sources */,
					A100000000000000000000E4 /* ApprovalExecutor.swift in Sources */,
				A100000000000000000000E6 /* AccessibilityApprovalExecutor.swift in Sources */,
				A100000000000000000000E8 /* HTTPHookApprovalExecutor.swift in Sources */,
				A100000000000000000000EA /* ApprovalPanelView.swift in Sources */,
				A100000000000000000000EC /* ApprovalInlineView.swift in Sources */,
				A100000000000000000000F2 /* ClaudeUsageSnapshot.swift in Sources */,
				A100000000000000000000F4 /* CodexUsageSnapshot.swift in Sources */,
				A100000000000000000000F6 /* UsageProviderState.swift in Sources */,
				A100000000000000000000F8 /* ClaudeUsageLoader.swift in Sources */,
				A100000000000000000000FA /* CodexUsageLoader.swift in Sources */,
				A100000000000000000000FC /* UsageSummaryFormatter.swift in Sources */,
				A10000000000000000000100 /* ClaudeUsageSource.swift in Sources */,
				A10000000000000000000102 /* CodexRolloutUsageSource.swift in Sources */,
				A10000000000000000000104 /* UsageSummaryView.swift in Sources */,
				A10000000000000000000106 /* ClaudeUsageCardView.swift in Sources */,
				A10000000000000000000108 /* CodexUsageCardView.swift in Sources */,
				A10000000000000000000110 /* DiagnosticIssue.swift in Sources */,
				A10000000000000000000112 /* SourceHealthReport.swift in Sources */,
				A10000000000000000000114 /* SourceErrorMapper.swift in Sources */,
				A10000000000000000000116 /* DiagnosticsFormatter.swift in Sources */,
				A10000000000000000000118 /* ClaudeHTTPCallbackServer.swift in Sources */,
				A1000000000000000000011A /* ClaudeHookInstaller.swift in Sources */,
				A1000000000000000000011C /* ClaudeHookHealthChecker.swift in Sources */,
				A1000000000000000000011E /* ClaudeHookBootstrap.swift in Sources */,
				A10000000000000000000120 /* CodexSQLiteReader.swift in Sources */,
				A10000000000000000000122 /* CodexSessionReader.swift in Sources */,
				A10000000000000000000124 /* CodexLogReader.swift in Sources */,
				A10000000000000000000126 /* CodexHookSource.swift in Sources */,
				A10000000000000000000160 /* OpenCodeHookBridge.swift in Sources */,
				A10000000000000000000162 /* OpenCodeHookInstaller.swift in Sources */,
				A10000000000000000000164 /* OpenCodeSQLiteReader.swift in Sources */,
				A10000000000000000000166 /* OpenCodeApprovalExecutor.swift in Sources */,
				A10000000000000000000170 /* OpenCodeUsageSnapshot.swift in Sources */,
				A10000000000000000000172 /* OpenCodeUsageLoader.swift in Sources */,
				A10000000000000000000174 /* OpenCodeUsageSource.swift in Sources */,
				A10000000000000000000176 /* OpenCodeUsageCardView.swift in Sources */,
				A10000000000000000000128 /* DiagnosticsCardView.swift in Sources */,
				A10000000000000000000130 /* GitHubReleaseAssetDownloader.swift in Sources */,
				A1000000000000000000012E /* GitHubReleaseUpdateChecker.swift in Sources */,
				A10000000000000000000133 /* QuestionOption.swift in Sources */,
				A10000000000000000000134 /* QuestionPresentationMode.swift in Sources */,
				A10000000000000000000135 /* ClaudeQuestionResponse.swift in Sources */,
				A10000000000000000000136 /* ClaudeQuestionPrompt.swift in Sources */,
				A10000000000000000000137 /* QuestionStore.swift in Sources */,
				A10000000000000000000138 /* ClaudeQuestionSource.swift in Sources */,
				A10000000000000000000139 /* ClaudeQuestionBridge.swift in Sources */,
				A1000000000000000000013A /* QuestionPromptCardView.swift in Sources */,
				A1000000000000000000013B /* QuestionOptionButtonsView.swift in Sources */,
				A1000000000000000000013C /* QuestionTextInputView.swift in Sources */,
				A1000000000000000000013D /* QuestionPanelView.swift in Sources */,
				A1000000000000000000014A /* QuestionInlineView.swift in Sources */,
				A20000000000000000000002 /* SettingsPanelView.swift in Sources */,
				A20000000000000000000004 /* IslandWindowViews.swift in Sources */,
				A20000000000000000000006 /* SettingsWindowCoordinator.swift in Sources */,
				A20000000000000000000008 /* ClaudeProviderConfigStore.swift in Sources */,
				A2000000000000000000000A /* ProviderConfigWatcher.swift in Sources */,
				A40000000000000000000003 /* LoginItemController.swift in Sources */,
			);
			runOnlyForDeploymentPostprocessing = 0;
		};
		A30000000000000000000031 /* Sources */ = {
			isa = PBXSourcesBuildPhase;
			buildActionMask = 2147483647;
			files = (
				A30000000000000000000001 /* ArchitectureLogicTests.swift in Sources */,
				A30000000000000000000002 /* ClaudeProviderConfigStoreTests.swift in Sources */,
			);
			runOnlyForDeploymentPostprocessing = 0;
		};
/* End PBXSourcesBuildPhase section */

/* Begin PBXTargetDependency section */
		A30000000000000000000060 /* PBXTargetDependency */ = {
			isa = PBXTargetDependency;
			target = A10000000000000000000040 /* ZenIsland */;
			targetProxy = A30000000000000000000061 /* PBXContainerItemProxy */;
		};
/* End PBXTargetDependency section */

/* Begin XCBuildConfiguration section */
		A10000000000000000000070 /* Debug */ = {
			isa = XCBuildConfiguration;
				buildSettings = {
					ALWAYS_SEARCH_USER_PATHS = NO;
					ASSETCATALOG_COMPILER_APPICON_NAME = AppIcon;
					ASSETCATALOG_COMPILER_GENERATE_SWIFT_ASSET_SYMBOL_EXTENSIONS = YES;
				CLANG_ENABLE_MODULES = YES;
				CLANG_ENABLE_OBJC_ARC = YES;
				CODE_SIGN_STYLE = Automatic;
				COPY_PHASE_STRIP = NO;
				CURRENT_PROJECT_VERSION = 7;
				DEBUG_INFORMATION_FORMAT = dwarf;
				DEVELOPMENT_TEAM = "";
				ENABLE_APP_SANDBOX = NO;
				ENABLE_HARDENED_RUNTIME = NO;
				ENABLE_TESTABILITY = YES;
				GCC_C_LANGUAGE_STANDARD = gnu17;
				GENERATE_INFOPLIST_FILE = NO;
				INFOPLIST_FILE = DynamicCLIIsland/Info.plist;
				LD_RUNPATH_SEARCH_PATHS = (
					"$(inherited)",
					"@executable_path/../Frameworks",
				);
				MACOSX_DEPLOYMENT_TARGET = 14.0;
				MARKETING_VERSION = 1.0.7;
				PRODUCT_BUNDLE_IDENTIFIER = com.zenmux.ZenIsland;
				PRODUCT_NAME = ZenIsland;
				SDKROOT = macosx;
				SWIFT_EMIT_LOC_STRINGS = YES;
				SWIFT_OPTIMIZATION_LEVEL = "-Onone";
				SWIFT_VERSION = 6.0;
			};
			name = Debug;
		};
		A10000000000000000000071 /* Release */ = {
			isa = XCBuildConfiguration;
				buildSettings = {
					ALWAYS_SEARCH_USER_PATHS = NO;
					ASSETCATALOG_COMPILER_APPICON_NAME = AppIcon;
					ASSETCATALOG_COMPILER_GENERATE_SWIFT_ASSET_SYMBOL_EXTENSIONS = YES;
				CLANG_ENABLE_MODULES = YES;
				CLANG_ENABLE_OBJC_ARC = YES;
				CODE_SIGN_STYLE = Automatic;
				COPY_PHASE_STRIP = NO;
				CURRENT_PROJECT_VERSION = 7;
				DEBUG_INFORMATION_FORMAT = "dwarf-with-dsym";
				DEVELOPMENT_TEAM = "";
				ENABLE_APP_SANDBOX = NO;
				ENABLE_HARDENED_RUNTIME = NO;
				GCC_C_LANGUAGE_STANDARD = gnu17;
				GENERATE_INFOPLIST_FILE = NO;
				INFOPLIST_FILE = DynamicCLIIsland/Info.plist;
				LD_RUNPATH_SEARCH_PATHS = (
					"$(inherited)",
					"@executable_path/../Frameworks",
				);
				MACOSX_DEPLOYMENT_TARGET = 14.0;
				MARKETING_VERSION = 1.0.7;
				PRODUCT_BUNDLE_IDENTIFIER = com.zenmux.ZenIsland;
				PRODUCT_NAME = ZenIsland;
				SDKROOT = macosx;
				SWIFT_EMIT_LOC_STRINGS = YES;
				SWIFT_VERSION = 6.0;
			};
			name = Release;
		};
		A10000000000000000000072 /* Debug */ = {
			isa = XCBuildConfiguration;
			buildSettings = {
				CLANG_ENABLE_MODULES = YES;
				MACOSX_DEPLOYMENT_TARGET = 14.0;
				SDKROOT = macosx;
			};
			name = Debug;
		};
		A10000000000000000000073 /* Release */ = {
			isa = XCBuildConfiguration;
			buildSettings = {
				CLANG_ENABLE_MODULES = YES;
				MACOSX_DEPLOYMENT_TARGET = 14.0;
				SDKROOT = macosx;
			};
			name = Release;
		};
		A30000000000000000000051 /* Debug */ = {
			isa = XCBuildConfiguration;
			buildSettings = {
				BUNDLE_LOADER = "$(TEST_HOST)";
				CLANG_ENABLE_MODULES = YES;
				CODE_SIGN_STYLE = Automatic;
				DEVELOPMENT_TEAM = "";
				GENERATE_INFOPLIST_FILE = YES;
				LD_RUNPATH_SEARCH_PATHS = (
					"$(inherited)",
					"@executable_path/../Frameworks",
					"@loader_path/../Frameworks",
				);
				MACOSX_DEPLOYMENT_TARGET = 14.0;
				PRODUCT_BUNDLE_IDENTIFIER = com.zenmux.ZenIslandTests;
				PRODUCT_NAME = "$(TARGET_NAME)";
				SDKROOT = macosx;
				SWIFT_EMIT_LOC_STRINGS = NO;
				SWIFT_VERSION = 6.0;
				TEST_HOST = "$(BUILT_PRODUCTS_DIR)/ZenIsland.app/Contents/MacOS/ZenIsland";
			};
			name = Debug;
		};
		A30000000000000000000052 /* Release */ = {
			isa = XCBuildConfiguration;
			buildSettings = {
				BUNDLE_LOADER = "$(TEST_HOST)";
				CLANG_ENABLE_MODULES = YES;
				CODE_SIGN_STYLE = Automatic;
				DEVELOPMENT_TEAM = "";
				GENERATE_INFOPLIST_FILE = YES;
				LD_RUNPATH_SEARCH_PATHS = (
					"$(inherited)",
					"@executable_path/../Frameworks",
					"@loader_path/../Frameworks",
				);
				MACOSX_DEPLOYMENT_TARGET = 14.0;
				PRODUCT_BUNDLE_IDENTIFIER = com.zenmux.ZenIslandTests;
				PRODUCT_NAME = "$(TARGET_NAME)";
				SDKROOT = macosx;
				SWIFT_EMIT_LOC_STRINGS = NO;
				SWIFT_VERSION = 6.0;
				TEST_HOST = "$(BUILT_PRODUCTS_DIR)/ZenIsland.app/Contents/MacOS/ZenIsland";
			};
			name = Release;
		};
/* End XCBuildConfiguration section */

/* Begin XCConfigurationList section */
		A10000000000000000000050 /* Build configuration list for PBXNativeTarget "ZenIsland" */ = {
			isa = XCConfigurationList;
			buildConfigurations = (
				A10000000000000000000070 /* Debug */,
				A10000000000000000000071 /* Release */,
			);
			defaultConfigurationIsVisible = 0;
			defaultConfigurationName = Release;
		};
		A10000000000000000000061 /* Build configuration list for PBXProject "ZenIsland" */ = {
			isa = XCConfigurationList;
			buildConfigurations = (
				A10000000000000000000072 /* Debug */,
				A10000000000000000000073 /* Release */,
			);
			defaultConfigurationIsVisible = 0;
			defaultConfigurationName = Release;
		};
		A30000000000000000000050 /* Build configuration list for PBXNativeTarget "ZenIslandTests" */ = {
			isa = XCConfigurationList;
			buildConfigurations = (
				A30000000000000000000051 /* Debug */,
				A30000000000000000000052 /* Release */,
			);
			defaultConfigurationIsVisible = 0;
			defaultConfigurationName = Release;
		};
/* End XCConfigurationList section */
	};
	rootObject = A10000000000000000000060 /* Project object */;
}
